
Microsoft Visual Studio Solution File, Format Version 11.00
# Visual Studio 2010
Project("{FAE04EC0-301F-11D3-BF4B-00C04F79EFBC}") = "LipSyncPro", "Assembly-CSharp.csproj", "{3EE8C3EA-D2EE-5395-1294-6669788CBD1E}"
EndProject
Project("{FAE04EC0-301F-11D3-BF4B-00C04F79EFBC}") = "LipSyncPro", "Assembly-CSharp-Editor.csproj", "{714F9757-97F7-E391-78EC-78C1841A5AB4}"
EndProject
Global
	GlobalSection(SolutionConfigurationPlatforms) = preSolution
		Debug|Any CPU = Debug|Any CPU
		Release|Any CPU = Release|Any CPU
	EndGlobalSection
	GlobalSection(ProjectConfigurationPlatforms) = postSolution
		{3EE8C3EA-D2EE-5395-1294-6669788CBD1E}.Debug|Any CPU.ActiveCfg = Debug|Any CPU
		{3EE8C3EA-D2EE-5395-1294-6669788CBD1E}.Debug|Any CPU.Build.0 = Debug|Any CPU
		{3EE8C3EA-D2EE-5395-1294-6669788CBD1E}.Release|Any CPU.ActiveCfg = Release|Any CPU
		{3EE8C3EA-D2EE-5395-1294-6669788CBD1E}.Release|Any CPU.Build.0 = Release|Any CPU
		{714F9757-97F7-E391-78EC-78C1841A5AB4}.Debug|Any CPU.ActiveCfg = Debug|Any CPU
		{714F9757-97F7-E391-78EC-78C1841A5AB4}.Debug|Any CPU.Build.0 = Debug|Any CPU
		{714F9757-97F7-E391-78EC-78C1841A5AB4}.Release|Any CPU.ActiveCfg = Release|Any CPU
		{714F9757-97F7-E391-78EC-78C1841A5AB4}.Release|Any CPU.Build.0 = Release|Any CPU
	EndGlobalSection
	GlobalSection(SolutionProperties) = preSolution
		HideSolutionNode = FALSE
	EndGlobalSection
	GlobalSection(MonoDevelopProperties) = preSolution
		StartupItem = Assembly-CSharp.csproj
	EndGlobalSection
EndGlobal
